{
    "_readme": [
        "This file locks the dependencies of your project to a known state",
        "Read more about it at https://getcomposer.org/doc/01-basic-usage.md#installing-dependencies",
        "This file is @generated automatically"
    ],
    "content-hash": "b63aa58cebce11ebf962354b49f111fa",
    "packages": [
        {
            "name": "nikic/php-parser",
            "version": "v4.13.1",
            "source": {
                "type": "git",
                "url": "https://github.com/nikic/PHP-Parser.git",
                "reference": "63a79e8daa781cac14e5195e63ed8ae231dd10fd"
            },
            "dist": {
                "type": "zip",
                "url": "https://api.github.com/repos/nikic/PHP-Parser/zipball/63a79e8daa781cac14e5195e63ed8ae231dd10fd",
                "reference": "63a79e8daa781cac14e5195e63ed8ae231dd10fd",
                "shasum": ""
            },
            "require": {
                "ext-tokenizer": "*",
                "php": ">=7.0"
            },
            "require-dev": {
                "ircmaxell/php-yacc": "^0.0.7",
                "phpunit/phpunit": "^6.5 || ^7.0 || ^8.0 || ^9.0"
            },
            "bin": [
                "bin/php-parse"
            ],
            "type": "library",
            "extra": {
                "branch-alias": {
                    "dev-master": "4.9-dev"
                }
            },
            "autoload": {
                "psr-4": {
                    "PhpParser\\": "lib/PhpParser"
                }
            },
            "notification-url": "https://packagist.org/downloads/",
            "license": [
                "BSD-3-Clause"
            ],
            "authors": [
                {
                    "name": "Nikita Popov"
                }
            ],
            "description": "A PHP parser written in PHP",
            "keywords": [
                "parser",
                "php"
            ],
            "support": {
                "issues": "https://github.com/nikic/PHP-Parser/issues",
                "source": "https://github.com/nikic/PHP-Parser/tree/v4.13.1"
            },
            "time": "2021-11-03T20:52:16+00:00"
        },
        {
            "name": "phpstan/phpstan",
            "version": "0.12.99",
            "source": {
                "type": "git",
                "url": "https://github.com/phpstan/phpstan.git",
                "reference": "b4d40f1d759942f523be267a1bab6884f46ca3f7"
            },
            "dist": {
                "type": "zip",
                "url": "https://api.github.com/repos/phpstan/phpstan/zipball/b4d40f1d759942f523be267a1bab6884f46ca3f7",
                "reference": "b4d40f1d759942f523be267a1bab6884f46ca3f7",
                "shasum": ""
            },
            "require": {
                "php": "^7.1|^8.0"
            },
            "conflict": {
                "phpstan/phpstan-shim": "*"
            },
            "bin": [
                "phpstan",
                "phpstan.phar"
            ],
            "type": "library",
            "extra": {
                "branch-alias": {
                    "dev-master": "0.12-dev"
                }
            },
            "autoload": {
                "files": [
                    "bootstrap.php"
                ]
            },
            "notification-url": "https://packagist.org/downloads/",
            "license": [
                "MIT"
            ],
            "description": "PHPStan - PHP Static Analysis Tool",
            "support": {
                "issues": "https://github.com/phpstan/phpstan/issues",
                "source": "https://github.com/phpstan/phpstan/tree/0.12.99"
            },
            "funding": [
                {
                    "url": "https://github.com/ondrejmirtes",
                    "type": "github"
                },
                {
                    "url": "https://github.com/phpstan",
                    "type": "github"
                },
                {
                    "url": "https://www.patreon.com/phpstan",
                    "type": "patreon"
                },
                {
                    "url": "https://tidelift.com/funding/github/packagist/phpstan/phpstan",
                    "type": "tidelift"
                }
            ],
            "time": "2021-09-12T20:09:55+00:00"
        },
        {
            "name": "phpstan/phpstan-phpunit",
            "version": "0.12.22",
            "source": {
                "type": "git",
                "url": "https://github.com/phpstan/phpstan-phpunit.git",
                "reference": "7c01ef93bf128b4ac8bdad38c54b2a4fd6b0b3cc"
            },
            "dist": {
                "type": "zip",
                "url": "https://api.github.com/repos/phpstan/phpstan-phpunit/zipball/7c01ef93bf128b4ac8bdad38c54b2a4fd6b0b3cc",
                "reference": "7c01ef93bf128b4ac8bdad38c54b2a4fd6b0b3cc",
                "shasum": ""
            },
            "require": {
                "php": "^7.1 || ^8.0",
                "phpstan/phpstan": "^0.12.92"
            },
            "conflict": {
                "phpunit/phpunit": "<7.0"
            },
            "require-dev": {
                "php-parallel-lint/php-parallel-lint": "^1.2",
                "phpstan/phpstan-strict-rules": "^0.12.6",
                "phpunit/phpunit": "^9.5"
            },
            "type": "phpstan-extension",
            "extra": {
                "branch-alias": {
                    "dev-master": "0.12-dev"
                },
                "phpstan": {
                    "includes": [
                        "extension.neon",
                        "rules.neon"
                    ]
                }
            },
            "autoload": {
                "psr-4": {
                    "PHPStan\\": "src/"
                }
            },
            "notification-url": "https://packagist.org/downloads/",
            "license": [
                "MIT"
            ],
            "description": "PHPUnit extensions and rules for PHPStan",
            "support": {
                "issues": "https://github.com/phpstan/phpstan-phpunit/issues",
                "source": "https://github.com/phpstan/phpstan-phpunit/tree/0.12.22"
            },
            "time": "2021-08-12T10:53:43+00:00"
        },
        {
            "name": "phpstan/phpstan-symfony",
            "version": "0.12.44",
            "source": {
                "type": "git",
                "url": "https://github.com/phpstan/phpstan-symfony.git",
                "reference": "c1627fce5b505b3f53d9d4fbd4d7963603305f98"
            },
            "dist": {
                "type": "zip",
                "url": "https://api.github.com/repos/phpstan/phpstan-symfony/zipball/c1627fce5b505b3f53d9d4fbd4d7963603305f98",
                "reference": "c1627fce5b505b3f53d9d4fbd4d7963603305f98",
                "shasum": ""
            },
            "require": {
                "ext-simplexml": "*",
                "php": "^7.1 || ^8.0",
                "phpstan/phpstan": "^0.12.98"
            },
            "conflict": {
                "symfony/framework-bundle": "<3.0"
            },
            "require-dev": {
                "php-parallel-lint/php-parallel-lint": "^1.2",
                "phpstan/phpstan-phpunit": "^0.12.16",
                "phpstan/phpstan-strict-rules": "^0.12.5",
                "phpunit/phpunit": "^9.5",
                "symfony/config": "^4.2 || ^5.0",
                "symfony/console": "^4.0 || ^5.0",
                "symfony/framework-bundle": "^4.4 || ^5.0",
                "symfony/http-foundation": "^4.0 || ^5.0",
                "symfony/messenger": "^4.2 || ^5.0",
                "symfony/serializer": "^4.0 || ^5.0"
            },
            "type": "phpstan-extension",
            "extra": {
                "branch-alias": {
                    "dev-master": "0.12-dev"
                },
                "phpstan": {
                    "includes": [
                        "extension.neon",
                        "rules.neon"
                    ]
                }
            },
            "autoload": {
                "psr-4": {
                    "PHPStan\\": "src/"
                }
            },
            "notification-url": "https://packagist.org/downloads/",
            "license": [
                "MIT"
            ],
            "authors": [
                {
                    "name": "Lukáš Unger",
                    "email": "looky.msc@gmail.com",
                    "homepage": "https://lookyman.net"
                }
            ],
            "description": "Symfony Framework extensions and rules for PHPStan",
            "support": {
                "issues": "https://github.com/phpstan/phpstan-symfony/issues",
                "source": "https://github.com/phpstan/phpstan-symfony/tree/0.12.44"
            },
            "time": "2021-09-02T12:14:11+00:00"
        },
        {
            "name": "slam/phpstan-extensions",
            "version": "v5.1.0",
            "source": {
                "type": "git",
                "url": "https://github.com/Slamdunk/phpstan-extensions.git",
                "reference": "e7584a986366f247503fc9730a343969034aff13"
            },
            "dist": {
                "type": "zip",
                "url": "https://api.github.com/repos/Slamdunk/phpstan-extensions/zipball/e7584a986366f247503fc9730a343969034aff13",
                "reference": "e7584a986366f247503fc9730a343969034aff13",
                "shasum": ""
            },
            "require": {
                "nikic/php-parser": "^4.10.0",
                "php": "^7.4 || ^8.0",
                "phpstan/phpstan": "^0.12.0"
            },
            "require-dev": {
                "nette/di": "^3.0",
                "nette/neon": "^3.2",
                "phpstan/phpstan-php-parser": "^0.12.2",
                "phpstan/phpstan-phpunit": "^0.12.16",
                "phpunit/phpunit": "^9.4",
                "slam/php-cs-fixer-extensions": "^2.0",
                "slam/php-debug-r": "^1.6"
            },
            "type": "phpstan-extension",
            "extra": {
                "phpstan": {
                    "includes": [
                        "conf/slam-rules.neon"
                    ]
                }
            },
            "autoload": {
                "psr-4": {
                    "SlamPhpStan\\": "lib/"
                }
            },
            "notification-url": "https://packagist.org/downloads/",
            "license": [
                "MIT"
            ],
            "authors": [
                {
                    "name": "Filippo Tessarotto",
                    "email": "zoeslam@gmail.com",
                    "role": "Developer"
                }
            ],
            "description": "Slam extension of phpstan",
            "support": {
                "issues": "https://github.com/Slamdunk/phpstan-extensions/issues",
                "source": "https://github.com/Slamdunk/phpstan-extensions/tree/v5.1.0"
            },
            "funding": [
                {
                    "url": "https://paypal.me/filippotessarotto",
                    "type": "custom"
                },
                {
                    "url": "https://github.com/Slamdunk",
                    "type": "github"
                }
            ],
            "time": "2020-11-06T07:16:26+00:00"
        },
        {
            "name": "thecodingmachine/phpstan-strict-rules",
            "version": "v0.12.1",
            "source": {
                "type": "git",
                "url": "https://github.com/thecodingmachine/phpstan-strict-rules.git",
                "reference": "4bb334f6f637ebfba83cfdc7392d549a8a3fbba7"
            },
            "dist": {
                "type": "zip",
                "url": "https://api.github.com/repos/thecodingmachine/phpstan-strict-rules/zipball/4bb334f6f637ebfba83cfdc7392d549a8a3fbba7",
                "reference": "4bb334f6f637ebfba83cfdc7392d549a8a3fbba7",
                "shasum": ""
            },
            "require": {
                "php": "^7.1|^8.0",
                "phpstan/phpstan": "^0.12"
            },
            "require-dev": {
                "php-coveralls/php-coveralls": "^2.1",
                "phpunit/phpunit": "^7.1"
            },
            "type": "phpstan-extension",
            "extra": {
                "branch-alias": {
                    "dev-master": "0.12-dev"
                },
                "phpstan": {
                    "includes": [
                        "phpstan-strict-rules.neon"
                    ]
                }
            },
            "autoload": {
                "psr-4": {
                    "TheCodingMachine\\PHPStan\\": "src/"
                }
            },
            "notification-url": "https://packagist.org/downloads/",
            "license": [
                "MIT"
            ],
            "authors": [
                {
                    "name": "David Négrier",
                    "email": "d.negrier@thecodingmachine.com"
                }
            ],
            "description": "A set of additional rules for PHPStan based on best practices followed at TheCodingMachine",
            "support": {
                "issues": "https://github.com/thecodingmachine/phpstan-strict-rules/issues",
                "source": "https://github.com/thecodingmachine/phpstan-strict-rules/tree/master"
            },
            "time": "2020-09-08T09:14:10+00:00"
        }
    ],
    "packages-dev": [],
    "aliases": [],
    "minimum-stability": "stable",
    "stability-flags": [],
    "prefer-stable": false,
    "prefer-lowest": false,
    "platform": [],
    "platform-dev": [],
    "plugin-api-version": "2.1.0"
}
