{
    "_readme": [
        "This file locks the dependencies of your project to a known state",
        "Read more about it at https://getcomposer.org/doc/01-basic-usage.md#installing-dependencies",
        "This file is @generated automatically"
    ],
    "content-hash": "d486d173d03a55118a8c0da4d83b639f",
    "packages": [
        {
            "name": "nikic/php-parser",
            "version": "v4.14.0",
            "source": {
                "type": "git",
                "url": "https://github.com/nikic/PHP-Parser.git",
                "reference": "34bea19b6e03d8153165d8f30bba4c3be86184c1"
            },
            "dist": {
                "type": "zip",
                "url": "https://api.github.com/repos/nikic/PHP-Parser/zipball/34bea19b6e03d8153165d8f30bba4c3be86184c1",
                "reference": "34bea19b6e03d8153165d8f30bba4c3be86184c1",
                "shasum": ""
            },
            "require": {
                "ext-tokenizer": "*",
                "php": ">=7.0"
            },
            "require-dev": {
                "ircmaxell/php-yacc": "^0.0.7",
                "phpunit/phpunit": "^6.5 || ^7.0 || ^8.0 || ^9.0"
            },
            "bin": [
                "bin/php-parse"
            ],
            "type": "library",
            "extra": {
                "branch-alias": {
                    "dev-master": "4.9-dev"
                }
            },
            "autoload": {
                "psr-4": {
                    "PhpParser\\": "lib/PhpParser"
                }
            },
            "notification-url": "https://packagist.org/downloads/",
            "license": [
                "BSD-3-Clause"
            ],
            "authors": [
                {
                    "name": "Nikita Popov"
                }
            ],
            "description": "A PHP parser written in PHP",
            "keywords": [
                "parser",
                "php"
            ],
            "support": {
                "issues": "https://github.com/nikic/PHP-Parser/issues",
                "source": "https://github.com/nikic/PHP-Parser/tree/v4.14.0"
            },
            "time": "2022-05-31T20:59:12+00:00"
        },
        {
            "name": "phpstan/phpstan",
            "version": "1.8.2",
            "source": {
                "type": "git",
                "url": "https://github.com/phpstan/phpstan.git",
                "reference": "c53312ecc575caf07b0e90dee43883fdf90ca67c"
            },
            "dist": {
                "type": "zip",
                "url": "https://api.github.com/repos/phpstan/phpstan/zipball/c53312ecc575caf07b0e90dee43883fdf90ca67c",
                "reference": "c53312ecc575caf07b0e90dee43883fdf90ca67c",
                "shasum": ""
            },
            "require": {
                "php": "^7.2|^8.0"
            },
            "conflict": {
                "phpstan/phpstan-shim": "*"
            },
            "bin": [
                "phpstan",
                "phpstan.phar"
            ],
            "type": "library",
            "autoload": {
                "files": [
                    "bootstrap.php"
                ]
            },
            "notification-url": "https://packagist.org/downloads/",
            "license": [
                "MIT"
            ],
            "description": "PHPStan - PHP Static Analysis Tool",
            "support": {
                "issues": "https://github.com/phpstan/phpstan/issues",
                "source": "https://github.com/phpstan/phpstan/tree/1.8.2"
            },
            "funding": [
                {
                    "url": "https://github.com/ondrejmirtes",
                    "type": "github"
                },
                {
                    "url": "https://github.com/phpstan",
                    "type": "github"
                },
                {
                    "url": "https://www.patreon.com/phpstan",
                    "type": "patreon"
                },
                {
                    "url": "https://tidelift.com/funding/github/packagist/phpstan/phpstan",
                    "type": "tidelift"
                }
            ],
            "time": "2022-07-20T09:57:31+00:00"
        },
        {
            "name": "phpstan/phpstan-phpunit",
            "version": "1.1.1",
            "source": {
                "type": "git",
                "url": "https://github.com/phpstan/phpstan-phpunit.git",
                "reference": "4a3c437c09075736285d1cabb5c75bf27ed0bc84"
            },
            "dist": {
                "type": "zip",
                "url": "https://api.github.com/repos/phpstan/phpstan-phpunit/zipball/4a3c437c09075736285d1cabb5c75bf27ed0bc84",
                "reference": "4a3c437c09075736285d1cabb5c75bf27ed0bc84",
                "shasum": ""
            },
            "require": {
                "php": "^7.2 || ^8.0",
                "phpstan/phpstan": "^1.5.0"
            },
            "conflict": {
                "phpunit/phpunit": "<7.0"
            },
            "require-dev": {
                "nikic/php-parser": "^4.13.0",
                "php-parallel-lint/php-parallel-lint": "^1.2",
                "phpstan/phpstan-strict-rules": "^1.0",
                "phpunit/phpunit": "^9.5"
            },
            "type": "phpstan-extension",
            "extra": {
                "phpstan": {
                    "includes": [
                        "extension.neon",
                        "rules.neon"
                    ]
                }
            },
            "autoload": {
                "psr-4": {
                    "PHPStan\\": "src/"
                }
            },
            "notification-url": "https://packagist.org/downloads/",
            "license": [
                "MIT"
            ],
            "description": "PHPUnit extensions and rules for PHPStan",
            "support": {
                "issues": "https://github.com/phpstan/phpstan-phpunit/issues",
                "source": "https://github.com/phpstan/phpstan-phpunit/tree/1.1.1"
            },
            "time": "2022-04-20T15:24:25+00:00"
        },
        {
            "name": "phpstan/phpstan-symfony",
            "version": "1.2.8",
            "source": {
                "type": "git",
                "url": "https://github.com/phpstan/phpstan-symfony.git",
                "reference": "28fe677ec3ad43eb4c0946c502535365e3040ecf"
            },
            "dist": {
                "type": "zip",
                "url": "https://api.github.com/repos/phpstan/phpstan-symfony/zipball/28fe677ec3ad43eb4c0946c502535365e3040ecf",
                "reference": "28fe677ec3ad43eb4c0946c502535365e3040ecf",
                "shasum": ""
            },
            "require": {
                "ext-simplexml": "*",
                "php": "^7.2 || ^8.0",
                "phpstan/phpstan": "^1.8.2"
            },
            "conflict": {
                "symfony/framework-bundle": "<3.0"
            },
            "require-dev": {
                "nikic/php-parser": "^4.13.0",
                "php-parallel-lint/php-parallel-lint": "^1.2",
                "phpstan/phpstan-phpunit": "^1.0",
                "phpstan/phpstan-strict-rules": "^1.0",
                "phpunit/phpunit": "^9.5",
                "psr/container": "1.0 || 1.1.1",
                "symfony/config": "^4.2 || ^5.0",
                "symfony/console": "^4.0 || ^5.0",
                "symfony/dependency-injection": "^4.0 || ^5.0",
                "symfony/form": "^4.0 || ^5.0",
                "symfony/framework-bundle": "^4.4 || ^5.0",
                "symfony/http-foundation": "^5.1",
                "symfony/messenger": "^4.2 || ^5.0",
                "symfony/polyfill-php80": "^1.24",
                "symfony/serializer": "^4.0 || ^5.0"
            },
            "type": "phpstan-extension",
            "extra": {
                "phpstan": {
                    "includes": [
                        "extension.neon",
                        "rules.neon"
                    ]
                }
            },
            "autoload": {
                "psr-4": {
                    "PHPStan\\": "src/"
                }
            },
            "notification-url": "https://packagist.org/downloads/",
            "license": [
                "MIT"
            ],
            "authors": [
                {
                    "name": "Lukáš Unger",
                    "email": "looky.msc@gmail.com",
                    "homepage": "https://lookyman.net"
                }
            ],
            "description": "Symfony Framework extensions and rules for PHPStan",
            "support": {
                "issues": "https://github.com/phpstan/phpstan-symfony/issues",
                "source": "https://github.com/phpstan/phpstan-symfony/tree/1.2.8"
            },
            "time": "2022-07-20T12:02:52+00:00"
        },
        {
            "name": "slam/phpstan-extensions",
            "version": "v6.0.0",
            "source": {
                "type": "git",
                "url": "https://github.com/Slamdunk/phpstan-extensions.git",
                "reference": "ddc65c09426b6a9d752c200f33d676caab53ca6d"
            },
            "dist": {
                "type": "zip",
                "url": "https://api.github.com/repos/Slamdunk/phpstan-extensions/zipball/ddc65c09426b6a9d752c200f33d676caab53ca6d",
                "reference": "ddc65c09426b6a9d752c200f33d676caab53ca6d",
                "shasum": ""
            },
            "require": {
                "nikic/php-parser": "^v4.13.1",
                "php": ">=8.0",
                "phpstan/phpstan": "^1.1.1"
            },
            "require-dev": {
                "malukenho/mcbumpface": "^1.1.5",
                "nette/di": "^v3.0.11",
                "nette/neon": "^v3.3.1",
                "phpstan/phpstan-php-parser": "^1.0.0",
                "phpstan/phpstan-phpunit": "^1.0.0",
                "phpunit/phpunit": "^9.5.10",
                "slam/php-cs-fixer-extensions": "^v3.1.0",
                "slam/php-debug-r": "^v1.7.0"
            },
            "type": "phpstan-extension",
            "extra": {
                "phpstan": {
                    "includes": [
                        "conf/slam-rules.neon"
                    ]
                }
            },
            "autoload": {
                "psr-4": {
                    "SlamPhpStan\\": "lib/"
                }
            },
            "notification-url": "https://packagist.org/downloads/",
            "license": [
                "MIT"
            ],
            "authors": [
                {
                    "name": "Filippo Tessarotto",
                    "email": "zoeslam@gmail.com",
                    "role": "Developer"
                }
            ],
            "description": "Slam extension of phpstan",
            "support": {
                "issues": "https://github.com/Slamdunk/phpstan-extensions/issues",
                "source": "https://github.com/Slamdunk/phpstan-extensions/tree/v6.0.0"
            },
            "funding": [
                {
                    "url": "https://paypal.me/filippotessarotto",
                    "type": "custom"
                },
                {
                    "url": "https://github.com/Slamdunk",
                    "type": "github"
                }
            ],
            "time": "2021-11-09T11:27:16+00:00"
        },
        {
            "name": "thecodingmachine/phpstan-strict-rules",
            "version": "v1.0.0",
            "source": {
                "type": "git",
                "url": "https://github.com/thecodingmachine/phpstan-strict-rules.git",
                "reference": "2ba8fa8b328c45f3b149c05def5bf96793c594b6"
            },
            "dist": {
                "type": "zip",
                "url": "https://api.github.com/repos/thecodingmachine/phpstan-strict-rules/zipball/2ba8fa8b328c45f3b149c05def5bf96793c594b6",
                "reference": "2ba8fa8b328c45f3b149c05def5bf96793c594b6",
                "shasum": ""
            },
            "require": {
                "php": "^7.1|^8.0",
                "phpstan/phpstan": "^1.0"
            },
            "require-dev": {
                "php-coveralls/php-coveralls": "^2.1",
                "phpunit/phpunit": "^7.1"
            },
            "type": "phpstan-extension",
            "extra": {
                "branch-alias": {
                    "dev-master": "1.0-dev"
                },
                "phpstan": {
                    "includes": [
                        "phpstan-strict-rules.neon"
                    ]
                }
            },
            "autoload": {
                "psr-4": {
                    "TheCodingMachine\\PHPStan\\": "src/"
                }
            },
            "notification-url": "https://packagist.org/downloads/",
            "license": [
                "MIT"
            ],
            "authors": [
                {
                    "name": "David Négrier",
                    "email": "d.negrier@thecodingmachine.com"
                }
            ],
            "description": "A set of additional rules for PHPStan based on best practices followed at TheCodingMachine",
            "support": {
                "issues": "https://github.com/thecodingmachine/phpstan-strict-rules/issues",
                "source": "https://github.com/thecodingmachine/phpstan-strict-rules/tree/v1.0.0"
            },
            "time": "2021-11-08T09:10:49+00:00"
        }
    ],
    "packages-dev": [],
    "aliases": [],
    "minimum-stability": "stable",
    "stability-flags": [],
    "prefer-stable": false,
    "prefer-lowest": false,
    "platform": [],
    "platform-dev": [],
    "plugin-api-version": "2.3.0"
}
