{
    "_readme": [
        "This file locks the dependencies of your project to a known state",
        "Read more about it at https://getcomposer.org/doc/01-basic-usage.md#installing-dependencies",
        "This file is @generated automatically"
    ],
    "content-hash": "f4ff83723b886d8326a2dae3b4a22c4c",
    "packages": [
        {
            "name": "phpstan/phpstan",
            "version": "2.1.22",
            "source": {
                "type": "git",
                "url": "https://github.com/phpstan/phpstan.git",
                "reference": "41600c8379eb5aee63e9413fe9e97273e25d57e4"
            },
            "dist": {
                "type": "zip",
                "url": "https://api.github.com/repos/phpstan/phpstan/zipball/41600c8379eb5aee63e9413fe9e97273e25d57e4",
                "reference": "41600c8379eb5aee63e9413fe9e97273e25d57e4",
                "shasum": ""
            },
            "require": {
                "php": "^7.4|^8.0"
            },
            "conflict": {
                "phpstan/phpstan-shim": "*"
            },
            "bin": [
                "phpstan",
                "phpstan.phar"
            ],
            "type": "library",
            "autoload": {
                "files": [
                    "bootstrap.php"
                ]
            },
            "notification-url": "https://packagist.org/downloads/",
            "license": [
                "MIT"
            ],
            "description": "PHPStan - PHP Static Analysis Tool",
            "keywords": [
                "dev",
                "static analysis"
            ],
            "support": {
                "docs": "https://phpstan.org/user-guide/getting-started",
                "forum": "https://github.com/phpstan/phpstan/discussions",
                "issues": "https://github.com/phpstan/phpstan/issues",
                "security": "https://github.com/phpstan/phpstan/security/policy",
                "source": "https://github.com/phpstan/phpstan-src"
            },
            "funding": [
                {
                    "url": "https://github.com/ondrejmirtes",
                    "type": "github"
                },
                {
                    "url": "https://github.com/phpstan",
                    "type": "github"
                }
            ],
            "time": "2025-08-04T19:17:37+00:00"
        },
        {
            "name": "phpstan/phpstan-phpunit",
            "version": "2.0.7",
            "source": {
                "type": "git",
                "url": "https://github.com/phpstan/phpstan-phpunit.git",
                "reference": "9a9b161baee88a5f5c58d816943cff354ff233dc"
            },
            "dist": {
                "type": "zip",
                "url": "https://api.github.com/repos/phpstan/phpstan-phpunit/zipball/9a9b161baee88a5f5c58d816943cff354ff233dc",
                "reference": "9a9b161baee88a5f5c58d816943cff354ff233dc",
                "shasum": ""
            },
            "require": {
                "php": "^7.4 || ^8.0",
                "phpstan/phpstan": "^2.1.18"
            },
            "conflict": {
                "phpunit/phpunit": "<7.0"
            },
            "require-dev": {
                "nikic/php-parser": "^5",
                "php-parallel-lint/php-parallel-lint": "^1.2",
                "phpstan/phpstan-deprecation-rules": "^2.0",
                "phpstan/phpstan-strict-rules": "^2.0",
                "phpunit/phpunit": "^9.6"
            },
            "type": "phpstan-extension",
            "extra": {
                "phpstan": {
                    "includes": [
                        "extension.neon",
                        "rules.neon"
                    ]
                }
            },
            "autoload": {
                "psr-4": {
                    "PHPStan\\": "src/"
                }
            },
            "notification-url": "https://packagist.org/downloads/",
            "license": [
                "MIT"
            ],
            "description": "PHPUnit extensions and rules for PHPStan",
            "support": {
                "issues": "https://github.com/phpstan/phpstan-phpunit/issues",
                "source": "https://github.com/phpstan/phpstan-phpunit/tree/2.0.7"
            },
            "time": "2025-07-13T11:31:46+00:00"
        },
        {
            "name": "phpstan/phpstan-symfony",
            "version": "2.0.8",
            "source": {
                "type": "git",
                "url": "https://github.com/phpstan/phpstan-symfony.git",
                "reference": "8820c22d785c235f69bb48da3d41e688bc8a1796"
            },
            "dist": {
                "type": "zip",
                "url": "https://api.github.com/repos/phpstan/phpstan-symfony/zipball/8820c22d785c235f69bb48da3d41e688bc8a1796",
                "reference": "8820c22d785c235f69bb48da3d41e688bc8a1796",
                "shasum": ""
            },
            "require": {
                "ext-simplexml": "*",
                "php": "^7.4 || ^8.0",
                "phpstan/phpstan": "^2.1.13"
            },
            "conflict": {
                "symfony/framework-bundle": "<3.0"
            },
            "require-dev": {
                "php-parallel-lint/php-parallel-lint": "^1.2",
                "phpstan/phpstan-phpunit": "^2.0",
                "phpstan/phpstan-strict-rules": "^2.0",
                "phpunit/phpunit": "^9.6",
                "psr/container": "1.1.2",
                "symfony/config": "^5.4 || ^6.1",
                "symfony/console": "^5.4 || ^6.1",
                "symfony/dependency-injection": "^5.4 || ^6.1",
                "symfony/form": "^5.4 || ^6.1",
                "symfony/framework-bundle": "^5.4 || ^6.1",
                "symfony/http-foundation": "^5.4 || ^6.1",
                "symfony/messenger": "^5.4",
                "symfony/polyfill-php80": "^1.24",
                "symfony/serializer": "^5.4",
                "symfony/service-contracts": "^2.2.0"
            },
            "type": "phpstan-extension",
            "extra": {
                "phpstan": {
                    "includes": [
                        "extension.neon",
                        "rules.neon"
                    ]
                }
            },
            "autoload": {
                "psr-4": {
                    "PHPStan\\": "src/"
                }
            },
            "notification-url": "https://packagist.org/downloads/",
            "license": [
                "MIT"
            ],
            "authors": [
                {
                    "name": "Lukáš Unger",
                    "email": "looky.msc@gmail.com",
                    "homepage": "https://lookyman.net"
                }
            ],
            "description": "Symfony Framework extensions and rules for PHPStan",
            "support": {
                "issues": "https://github.com/phpstan/phpstan-symfony/issues",
                "source": "https://github.com/phpstan/phpstan-symfony/tree/2.0.8"
            },
            "time": "2025-09-07T06:55:50+00:00"
        },
        {
            "name": "slam/phpstan-extensions",
            "version": "v6.6.0",
            "source": {
                "type": "git",
                "url": "https://github.com/Slamdunk/phpstan-extensions.git",
                "reference": "df4a94b25f58078a36339b470c76012b09fb2583"
            },
            "dist": {
                "type": "zip",
                "url": "https://api.github.com/repos/Slamdunk/phpstan-extensions/zipball/df4a94b25f58078a36339b470c76012b09fb2583",
                "reference": "df4a94b25f58078a36339b470c76012b09fb2583",
                "shasum": ""
            },
            "require": {
                "php": "~8.3.0 || ~8.4.0",
                "phpstan/phpstan": "^2"
            },
            "require-dev": {
                "nette/di": "^3.2.3",
                "nette/neon": "^3.4.4",
                "nikic/php-parser": "^4.19.2 || ^5.3.1",
                "phpstan/phpstan-phpunit": "^2",
                "phpunit/phpunit": "^11.4.3",
                "slam/php-cs-fixer-extensions": "^3.12.0"
            },
            "type": "phpstan-extension",
            "extra": {
                "phpstan": {
                    "includes": [
                        "conf/slam-rules.neon"
                    ]
                }
            },
            "autoload": {
                "psr-4": {
                    "SlamPhpStan\\": "lib/"
                }
            },
            "notification-url": "https://packagist.org/downloads/",
            "license": [
                "MIT"
            ],
            "authors": [
                {
                    "name": "Filippo Tessarotto",
                    "email": "zoeslam@gmail.com",
                    "role": "Developer"
                }
            ],
            "description": "Slam extension of phpstan",
            "support": {
                "issues": "https://github.com/Slamdunk/phpstan-extensions/issues",
                "source": "https://github.com/Slamdunk/phpstan-extensions/tree/v6.6.0"
            },
            "funding": [
                {
                    "url": "https://paypal.me/filippotessarotto",
                    "type": "custom"
                },
                {
                    "url": "https://github.com/Slamdunk",
                    "type": "github"
                }
            ],
            "time": "2024-11-11T08:45:31+00:00"
        }
    ],
    "packages-dev": [],
    "aliases": [],
    "minimum-stability": "stable",
    "stability-flags": {},
    "prefer-stable": false,
    "prefer-lowest": false,
    "platform": {},
    "platform-dev": {},
    "platform-overrides": {
        "php": "8.3"
    },
    "plugin-api-version": "2.6.0"
}
