{
    "_readme": [
        "This file locks the dependencies of your project to a known state",
        "Read more about it at https://getcomposer.org/doc/01-basic-usage.md#installing-dependencies",
        "This file is @generated automatically"
    ],
    "content-hash": "8b553316ab26663d1bfa16a1369f408e",
    "packages": [
        {
            "name": "psr/container",
            "version": "2.0.2",
            "source": {
                "type": "git",
                "url": "https://github.com/php-fig/container.git",
                "reference": "c71ecc56dfe541dbd90c5360474fbc405f8d5963"
            },
            "dist": {
                "type": "zip",
                "url": "https://api.github.com/repos/php-fig/container/zipball/c71ecc56dfe541dbd90c5360474fbc405f8d5963",
                "reference": "c71ecc56dfe541dbd90c5360474fbc405f8d5963",
                "shasum": ""
            },
            "require": {
                "php": ">=7.4.0"
            },
            "type": "library",
            "extra": {
                "branch-alias": {
                    "dev-master": "2.0.x-dev"
                }
            },
            "autoload": {
                "psr-4": {
                    "Psr\\Container\\": "src/"
                }
            },
            "notification-url": "https://packagist.org/downloads/",
            "license": [
                "MIT"
            ],
            "authors": [
                {
                    "name": "PHP-FIG",
                    "homepage": "https://www.php-fig.org/"
                }
            ],
            "description": "Common Container Interface (PHP FIG PSR-11)",
            "homepage": "https://github.com/php-fig/container",
            "keywords": [
                "PSR-11",
                "container",
                "container-interface",
                "container-interop",
                "psr"
            ],
            "support": {
                "issues": "https://github.com/php-fig/container/issues",
                "source": "https://github.com/php-fig/container/tree/2.0.2"
            },
            "time": "2021-11-05T16:47:00+00:00"
        },
        {
            "name": "symfony/console",
            "version": "v7.4.14",
            "source": {
                "type": "git",
                "url": "https://github.com/symfony/console.git",
                "reference": "92f58bc4bf97a92ed1b9f367f0cd44f20bde0e87"
            },
            "dist": {
                "type": "zip",
                "url": "https://api.github.com/repos/symfony/console/zipball/92f58bc4bf97a92ed1b9f367f0cd44f20bde0e87",
                "reference": "92f58bc4bf97a92ed1b9f367f0cd44f20bde0e87",
                "shasum": ""
            },
            "require": {
                "php": ">=8.2",
                "symfony/deprecation-contracts": "^2.5|^3",
                "symfony/polyfill-mbstring": "~1.0",
                "symfony/service-contracts": "^2.5|^3",
                "symfony/string": "^7.2|^8.0"
            },
            "conflict": {
                "symfony/dependency-injection": "<6.4",
                "symfony/dotenv": "<6.4",
                "symfony/event-dispatcher": "<6.4",
                "symfony/lock": "<6.4",
                "symfony/process": "<6.4"
            },
            "provide": {
                "psr/log-implementation": "1.0|2.0|3.0"
            },
            "require-dev": {
                "psr/log": "^1|^2|^3",
                "symfony/config": "^6.4|^7.0|^8.0",
                "symfony/dependency-injection": "^6.4|^7.0|^8.0",
                "symfony/event-dispatcher": "^6.4|^7.0|^8.0",
                "symfony/http-foundation": "^6.4|^7.0|^8.0",
                "symfony/http-kernel": "^6.4|^7.0|^8.0",
                "symfony/lock": "^6.4|^7.0|^8.0",
                "symfony/messenger": "^6.4|^7.0|^8.0",
                "symfony/process": "^6.4|^7.0|^8.0",
                "symfony/stopwatch": "^6.4|^7.0|^8.0",
                "symfony/var-dumper": "^6.4|^7.0|^8.0"
            },
            "type": "library",
            "autoload": {
                "psr-4": {
                    "Symfony\\Component\\Console\\": ""
                },
                "exclude-from-classmap": [
                    "/Tests/"
                ]
            },
            "notification-url": "https://packagist.org/downloads/",
            "license": [
                "MIT"
            ],
            "authors": [
                {
                    "name": "Fabien Potencier",
                    "email": "fabien@symfony.com"
                },
                {
                    "name": "Symfony Community",
                    "homepage": "https://symfony.com/contributors"
                }
            ],
            "description": "Eases the creation of beautiful and testable command line interfaces",
            "homepage": "https://symfony.com",
            "keywords": [
                "cli",
                "command-line",
                "console",
                "terminal"
            ],
            "support": {
                "source": "https://github.com/symfony/console/tree/v7.4.14"
            },
            "funding": [
                {
                    "url": "https://symfony.com/sponsor",
                    "type": "custom"
                },
                {
                    "url": "https://github.com/fabpot",
                    "type": "github"
                },
                {
                    "url": "https://github.com/nicolas-grekas",
                    "type": "github"
                },
                {
                    "url": "https://tidelift.com/funding/github/packagist/symfony/symfony",
                    "type": "tidelift"
                }
            ],
            "time": "2026-06-16T11:50:14+00:00"
        },
        {
            "name": "symfony/deprecation-contracts",
            "version": "v3.7.1",
            "source": {
                "type": "git",
                "url": "https://github.com/symfony/deprecation-contracts.git",
                "reference": "f3202fa1b5097b0af062dc978b32ecf63404e31d"
            },
            "dist": {
                "type": "zip",
                "url": "https://api.github.com/repos/symfony/deprecation-contracts/zipball/f3202fa1b5097b0af062dc978b32ecf63404e31d",
                "reference": "f3202fa1b5097b0af062dc978b32ecf63404e31d",
                "shasum": ""
            },
            "require": {
                "php": ">=8.1"
            },
            "type": "library",
            "extra": {
                "thanks": {
                    "url": "https://github.com/symfony/contracts",
                    "name": "symfony/contracts"
                },
                "branch-alias": {
                    "dev-main": "3.7-dev"
                }
            },
            "autoload": {
                "files": [
                    "function.php"
                ]
            },
            "notification-url": "https://packagist.org/downloads/",
            "license": [
                "MIT"
            ],
            "authors": [
                {
                    "name": "Nicolas Grekas",
                    "email": "p@tchwork.com"
                },
                {
                    "name": "Symfony Community",
                    "homepage": "https://symfony.com/contributors"
                }
            ],
            "description": "A generic function and convention to trigger deprecation notices",
            "homepage": "https://symfony.com",
            "support": {
                "source": "https://github.com/symfony/deprecation-contracts/tree/v3.7.1"
            },
            "funding": [
                {
                    "url": "https://symfony.com/sponsor",
                    "type": "custom"
                },
                {
                    "url": "https://github.com/fabpot",
                    "type": "github"
                },
                {
                    "url": "https://github.com/nicolas-grekas",
                    "type": "github"
                },
                {
                    "url": "https://tidelift.com/funding/github/packagist/symfony/symfony",
                    "type": "tidelift"
                }
            ],
            "time": "2026-06-05T06:23:12+00:00"
        },
        {
            "name": "symfony/filesystem",
            "version": "v7.4.11",
            "source": {
                "type": "git",
                "url": "https://github.com/symfony/filesystem.git",
                "reference": "d721ea61b4a5fba8c5b6e7c1feda19efea144b50"
            },
            "dist": {
                "type": "zip",
                "url": "https://api.github.com/repos/symfony/filesystem/zipball/d721ea61b4a5fba8c5b6e7c1feda19efea144b50",
                "reference": "d721ea61b4a5fba8c5b6e7c1feda19efea144b50",
                "shasum": ""
            },
            "require": {
                "php": ">=8.2",
                "symfony/polyfill-ctype": "~1.8",
                "symfony/polyfill-mbstring": "~1.8"
            },
            "require-dev": {
                "symfony/process": "^6.4|^7.0|^8.0"
            },
            "type": "library",
            "autoload": {
                "psr-4": {
                    "Symfony\\Component\\Filesystem\\": ""
                },
                "exclude-from-classmap": [
                    "/Tests/"
                ]
            },
            "notification-url": "https://packagist.org/downloads/",
            "license": [
                "MIT"
            ],
            "authors": [
                {
                    "name": "Fabien Potencier",
                    "email": "fabien@symfony.com"
                },
                {
                    "name": "Symfony Community",
                    "homepage": "https://symfony.com/contributors"
                }
            ],
            "description": "Provides basic utilities for the filesystem",
            "homepage": "https://symfony.com",
            "support": {
                "source": "https://github.com/symfony/filesystem/tree/v7.4.11"
            },
            "funding": [
                {
                    "url": "https://symfony.com/sponsor",
                    "type": "custom"
                },
                {
                    "url": "https://github.com/fabpot",
                    "type": "github"
                },
                {
                    "url": "https://github.com/nicolas-grekas",
                    "type": "github"
                },
                {
                    "url": "https://tidelift.com/funding/github/packagist/symfony/symfony",
                    "type": "tidelift"
                }
            ],
            "time": "2026-05-11T16:38:44+00:00"
        },
        {
            "name": "symfony/finder",
            "version": "v7.4.14",
            "source": {
                "type": "git",
                "url": "https://github.com/symfony/finder.git",
                "reference": "13b38720174286f55d1761152b575a8d1436fc25"
            },
            "dist": {
                "type": "zip",
                "url": "https://api.github.com/repos/symfony/finder/zipball/13b38720174286f55d1761152b575a8d1436fc25",
                "reference": "13b38720174286f55d1761152b575a8d1436fc25",
                "shasum": ""
            },
            "require": {
                "php": ">=8.2"
            },
            "require-dev": {
                "symfony/filesystem": "^6.4|^7.0|^8.0"
            },
            "type": "library",
            "autoload": {
                "psr-4": {
                    "Symfony\\Component\\Finder\\": ""
                },
                "exclude-from-classmap": [
                    "/Tests/"
                ]
            },
            "notification-url": "https://packagist.org/downloads/",
            "license": [
                "MIT"
            ],
            "authors": [
                {
                    "name": "Fabien Potencier",
                    "email": "fabien@symfony.com"
                },
                {
                    "name": "Symfony Community",
                    "homepage": "https://symfony.com/contributors"
                }
            ],
            "description": "Finds files and directories via an intuitive fluent interface",
            "homepage": "https://symfony.com",
            "support": {
                "source": "https://github.com/symfony/finder/tree/v7.4.14"
            },
            "funding": [
                {
                    "url": "https://symfony.com/sponsor",
                    "type": "custom"
                },
                {
                    "url": "https://github.com/fabpot",
                    "type": "github"
                },
                {
                    "url": "https://github.com/nicolas-grekas",
                    "type": "github"
                },
                {
                    "url": "https://tidelift.com/funding/github/packagist/symfony/symfony",
                    "type": "tidelift"
                }
            ],
            "time": "2026-06-27T08:31:18+00:00"
        },
        {
            "name": "symfony/polyfill-ctype",
            "version": "v1.37.0",
            "source": {
                "type": "git",
                "url": "https://github.com/symfony/polyfill-ctype.git",
                "reference": "141046a8f9477948ff284fa65be2095baafb94f2"
            },
            "dist": {
                "type": "zip",
                "url": "https://api.github.com/repos/symfony/polyfill-ctype/zipball/141046a8f9477948ff284fa65be2095baafb94f2",
                "reference": "141046a8f9477948ff284fa65be2095baafb94f2",
                "shasum": ""
            },
            "require": {
                "php": ">=7.2"
            },
            "provide": {
                "ext-ctype": "*"
            },
            "suggest": {
                "ext-ctype": "For best performance"
            },
            "type": "library",
            "extra": {
                "thanks": {
                    "url": "https://github.com/symfony/polyfill",
                    "name": "symfony/polyfill"
                }
            },
            "autoload": {
                "files": [
                    "bootstrap.php"
                ],
                "psr-4": {
                    "Symfony\\Polyfill\\Ctype\\": ""
                }
            },
            "notification-url": "https://packagist.org/downloads/",
            "license": [
                "MIT"
            ],
            "authors": [
                {
                    "name": "Gert de Pagter",
                    "email": "BackEndTea@gmail.com"
                },
                {
                    "name": "Symfony Community",
                    "homepage": "https://symfony.com/contributors"
                }
            ],
            "description": "Symfony polyfill for ctype functions",
            "homepage": "https://symfony.com",
            "keywords": [
                "compatibility",
                "ctype",
                "polyfill",
                "portable"
            ],
            "support": {
                "source": "https://github.com/symfony/polyfill-ctype/tree/v1.37.0"
            },
            "funding": [
                {
                    "url": "https://symfony.com/sponsor",
                    "type": "custom"
                },
                {
                    "url": "https://github.com/fabpot",
                    "type": "github"
                },
                {
                    "url": "https://github.com/nicolas-grekas",
                    "type": "github"
                },
                {
                    "url": "https://tidelift.com/funding/github/packagist/symfony/symfony",
                    "type": "tidelift"
                }
            ],
            "time": "2026-04-10T16:19:22+00:00"
        },
        {
            "name": "symfony/polyfill-intl-grapheme",
            "version": "v1.38.1",
            "source": {
                "type": "git",
                "url": "https://github.com/symfony/polyfill-intl-grapheme.git",
                "reference": "e9247d281d694a5120554d9afaf54e070e88a603"
            },
            "dist": {
                "type": "zip",
                "url": "https://api.github.com/repos/symfony/polyfill-intl-grapheme/zipball/e9247d281d694a5120554d9afaf54e070e88a603",
                "reference": "e9247d281d694a5120554d9afaf54e070e88a603",
                "shasum": ""
            },
            "require": {
                "php": ">=7.2"
            },
            "suggest": {
                "ext-intl": "For best performance"
            },
            "type": "library",
            "extra": {
                "thanks": {
                    "url": "https://github.com/symfony/polyfill",
                    "name": "symfony/polyfill"
                }
            },
            "autoload": {
                "files": [
                    "bootstrap.php"
                ],
                "psr-4": {
                    "Symfony\\Polyfill\\Intl\\Grapheme\\": ""
                }
            },
            "notification-url": "https://packagist.org/downloads/",
            "license": [
                "MIT"
            ],
            "authors": [
                {
                    "name": "Nicolas Grekas",
                    "email": "p@tchwork.com"
                },
                {
                    "name": "Symfony Community",
                    "homepage": "https://symfony.com/contributors"
                }
            ],
            "description": "Symfony polyfill for intl's grapheme_* functions",
            "homepage": "https://symfony.com",
            "keywords": [
                "compatibility",
                "grapheme",
                "intl",
                "polyfill",
                "portable",
                "shim"
            ],
            "support": {
                "source": "https://github.com/symfony/polyfill-intl-grapheme/tree/v1.38.1"
            },
            "funding": [
                {
                    "url": "https://symfony.com/sponsor",
                    "type": "custom"
                },
                {
                    "url": "https://github.com/fabpot",
                    "type": "github"
                },
                {
                    "url": "https://github.com/nicolas-grekas",
                    "type": "github"
                },
                {
                    "url": "https://tidelift.com/funding/github/packagist/symfony/symfony",
                    "type": "tidelift"
                }
            ],
            "time": "2026-05-26T05:58:03+00:00"
        },
        {
            "name": "symfony/polyfill-intl-normalizer",
            "version": "v1.38.0",
            "source": {
                "type": "git",
                "url": "https://github.com/symfony/polyfill-intl-normalizer.git",
                "reference": "2d446c214bdbe5b71bde5011b060a05fece3ae6b"
            },
            "dist": {
                "type": "zip",
                "url": "https://api.github.com/repos/symfony/polyfill-intl-normalizer/zipball/2d446c214bdbe5b71bde5011b060a05fece3ae6b",
                "reference": "2d446c214bdbe5b71bde5011b060a05fece3ae6b",
                "shasum": ""
            },
            "require": {
                "php": ">=7.2"
            },
            "suggest": {
                "ext-intl": "For best performance"
            },
            "type": "library",
            "extra": {
                "thanks": {
                    "url": "https://github.com/symfony/polyfill",
                    "name": "symfony/polyfill"
                }
            },
            "autoload": {
                "files": [
                    "bootstrap.php"
                ],
                "psr-4": {
                    "Symfony\\Polyfill\\Intl\\Normalizer\\": ""
                },
                "classmap": [
                    "Resources/stubs"
                ]
            },
            "notification-url": "https://packagist.org/downloads/",
            "license": [
                "MIT"
            ],
            "authors": [
                {
                    "name": "Nicolas Grekas",
                    "email": "p@tchwork.com"
                },
                {
                    "name": "Symfony Community",
                    "homepage": "https://symfony.com/contributors"
                }
            ],
            "description": "Symfony polyfill for intl's Normalizer class and related functions",
            "homepage": "https://symfony.com",
            "keywords": [
                "compatibility",
                "intl",
                "normalizer",
                "polyfill",
                "portable",
                "shim"
            ],
            "support": {
                "source": "https://github.com/symfony/polyfill-intl-normalizer/tree/v1.38.0"
            },
            "funding": [
                {
                    "url": "https://symfony.com/sponsor",
                    "type": "custom"
                },
                {
                    "url": "https://github.com/fabpot",
                    "type": "github"
                },
                {
                    "url": "https://github.com/nicolas-grekas",
                    "type": "github"
                },
                {
                    "url": "https://tidelift.com/funding/github/packagist/symfony/symfony",
                    "type": "tidelift"
                }
            ],
            "time": "2026-05-25T13:48:31+00:00"
        },
        {
            "name": "symfony/polyfill-mbstring",
            "version": "v1.38.2",
            "source": {
                "type": "git",
                "url": "https://github.com/symfony/polyfill-mbstring.git",
                "reference": "d3d318bad5e7a1bfbd026009c8bfb8d8f99ae6b6"
            },
            "dist": {
                "type": "zip",
                "url": "https://api.github.com/repos/symfony/polyfill-mbstring/zipball/d3d318bad5e7a1bfbd026009c8bfb8d8f99ae6b6",
                "reference": "d3d318bad5e7a1bfbd026009c8bfb8d8f99ae6b6",
                "shasum": ""
            },
            "require": {
                "ext-iconv": "*",
                "php": ">=7.2"
            },
            "provide": {
                "ext-mbstring": "*"
            },
            "suggest": {
                "ext-mbstring": "For best performance"
            },
            "type": "library",
            "extra": {
                "thanks": {
                    "url": "https://github.com/symfony/polyfill",
                    "name": "symfony/polyfill"
                }
            },
            "autoload": {
                "files": [
                    "bootstrap.php"
                ],
                "psr-4": {
                    "Symfony\\Polyfill\\Mbstring\\": ""
                }
            },
            "notification-url": "https://packagist.org/downloads/",
            "license": [
                "MIT"
            ],
            "authors": [
                {
                    "name": "Nicolas Grekas",
                    "email": "p@tchwork.com"
                },
                {
                    "name": "Symfony Community",
                    "homepage": "https://symfony.com/contributors"
                }
            ],
            "description": "Symfony polyfill for the Mbstring extension",
            "homepage": "https://symfony.com",
            "keywords": [
                "compatibility",
                "mbstring",
                "polyfill",
                "portable",
                "shim"
            ],
            "support": {
                "source": "https://github.com/symfony/polyfill-mbstring/tree/v1.38.2"
            },
            "funding": [
                {
                    "url": "https://symfony.com/sponsor",
                    "type": "custom"
                },
                {
                    "url": "https://github.com/fabpot",
                    "type": "github"
                },
                {
                    "url": "https://github.com/nicolas-grekas",
                    "type": "github"
                },
                {
                    "url": "https://tidelift.com/funding/github/packagist/symfony/symfony",
                    "type": "tidelift"
                }
            ],
            "time": "2026-05-27T06:59:30+00:00"
        },
        {
            "name": "symfony/service-contracts",
            "version": "v3.7.1",
            "source": {
                "type": "git",
                "url": "https://github.com/symfony/service-contracts.git",
                "reference": "c0a284bab1ed8aa0417e3d69250ab437739563a0"
            },
            "dist": {
                "type": "zip",
                "url": "https://api.github.com/repos/symfony/service-contracts/zipball/c0a284bab1ed8aa0417e3d69250ab437739563a0",
                "reference": "c0a284bab1ed8aa0417e3d69250ab437739563a0",
                "shasum": ""
            },
            "require": {
                "php": ">=8.1",
                "psr/container": "^1.1|^2.0",
                "symfony/deprecation-contracts": "^2.5|^3"
            },
            "conflict": {
                "ext-psr": "<1.1|>=2"
            },
            "type": "library",
            "extra": {
                "thanks": {
                    "url": "https://github.com/symfony/contracts",
                    "name": "symfony/contracts"
                },
                "branch-alias": {
                    "dev-main": "3.7-dev"
                }
            },
            "autoload": {
                "psr-4": {
                    "Symfony\\Contracts\\Service\\": ""
                },
                "exclude-from-classmap": [
                    "/Test/"
                ]
            },
            "notification-url": "https://packagist.org/downloads/",
            "license": [
                "MIT"
            ],
            "authors": [
                {
                    "name": "Nicolas Grekas",
                    "email": "p@tchwork.com"
                },
                {
                    "name": "Symfony Community",
                    "homepage": "https://symfony.com/contributors"
                }
            ],
            "description": "Generic abstractions related to writing services",
            "homepage": "https://symfony.com",
            "keywords": [
                "abstractions",
                "contracts",
                "decoupling",
                "interfaces",
                "interoperability",
                "standards"
            ],
            "support": {
                "source": "https://github.com/symfony/service-contracts/tree/v3.7.1"
            },
            "funding": [
                {
                    "url": "https://symfony.com/sponsor",
                    "type": "custom"
                },
                {
                    "url": "https://github.com/fabpot",
                    "type": "github"
                },
                {
                    "url": "https://github.com/nicolas-grekas",
                    "type": "github"
                },
                {
                    "url": "https://tidelift.com/funding/github/packagist/symfony/symfony",
                    "type": "tidelift"
                }
            ],
            "time": "2026-06-16T09:55:08+00:00"
        },
        {
            "name": "symfony/string",
            "version": "v7.4.13",
            "source": {
                "type": "git",
                "url": "https://github.com/symfony/string.git",
                "reference": "961683010db3b27ec6ebcd7308e6e1ee8fa7ffde"
            },
            "dist": {
                "type": "zip",
                "url": "https://api.github.com/repos/symfony/string/zipball/961683010db3b27ec6ebcd7308e6e1ee8fa7ffde",
                "reference": "961683010db3b27ec6ebcd7308e6e1ee8fa7ffde",
                "shasum": ""
            },
            "require": {
                "php": ">=8.2",
                "symfony/deprecation-contracts": "^2.5|^3.0",
                "symfony/polyfill-ctype": "~1.8",
                "symfony/polyfill-intl-grapheme": "~1.33",
                "symfony/polyfill-intl-normalizer": "~1.0",
                "symfony/polyfill-mbstring": "~1.0"
            },
            "conflict": {
                "symfony/translation-contracts": "<2.5"
            },
            "require-dev": {
                "symfony/emoji": "^7.1|^8.0",
                "symfony/http-client": "^6.4|^7.0|^8.0",
                "symfony/intl": "^6.4|^7.0|^8.0",
                "symfony/translation-contracts": "^2.5|^3.0",
                "symfony/var-exporter": "^6.4|^7.0|^8.0"
            },
            "type": "library",
            "autoload": {
                "files": [
                    "Resources/functions.php"
                ],
                "psr-4": {
                    "Symfony\\Component\\String\\": ""
                },
                "exclude-from-classmap": [
                    "/Tests/"
                ]
            },
            "notification-url": "https://packagist.org/downloads/",
            "license": [
                "MIT"
            ],
            "authors": [
                {
                    "name": "Nicolas Grekas",
                    "email": "p@tchwork.com"
                },
                {
                    "name": "Symfony Community",
                    "homepage": "https://symfony.com/contributors"
                }
            ],
            "description": "Provides an object-oriented API to strings and deals with bytes, UTF-8 code points and grapheme clusters in a unified way",
            "homepage": "https://symfony.com",
            "keywords": [
                "grapheme",
                "i18n",
                "string",
                "unicode",
                "utf-8",
                "utf8"
            ],
            "support": {
                "source": "https://github.com/symfony/string/tree/v7.4.13"
            },
            "funding": [
                {
                    "url": "https://symfony.com/sponsor",
                    "type": "custom"
                },
                {
                    "url": "https://github.com/fabpot",
                    "type": "github"
                },
                {
                    "url": "https://github.com/nicolas-grekas",
                    "type": "github"
                },
                {
                    "url": "https://tidelift.com/funding/github/packagist/symfony/symfony",
                    "type": "tidelift"
                }
            ],
            "time": "2026-05-23T15:23:29+00:00"
        },
        {
            "name": "twig/twig",
            "version": "v3.27.1",
            "source": {
                "type": "git",
                "url": "https://github.com/twigphp/Twig.git",
                "reference": "ae2071bffb38f04847fc0864d730c94b9cb8ab74"
            },
            "dist": {
                "type": "zip",
                "url": "https://api.github.com/repos/twigphp/Twig/zipball/ae2071bffb38f04847fc0864d730c94b9cb8ab74",
                "reference": "ae2071bffb38f04847fc0864d730c94b9cb8ab74",
                "shasum": ""
            },
            "require": {
                "php": ">=8.1.0",
                "symfony/deprecation-contracts": "^2.5|^3",
                "symfony/polyfill-ctype": "^1.8",
                "symfony/polyfill-mbstring": "^1.3"
            },
            "require-dev": {
                "php-cs-fixer/shim": "^3.0@stable",
                "phpstan/phpstan": "^2.0@stable",
                "psr/container": "^1.0|^2.0",
                "symfony/phpunit-bridge": "^5.4.9|^6.4|^7.0"
            },
            "type": "library",
            "autoload": {
                "files": [
                    "src/Resources/core.php",
                    "src/Resources/debug.php",
                    "src/Resources/escaper.php",
                    "src/Resources/string_loader.php"
                ],
                "psr-4": {
                    "Twig\\": "src/"
                }
            },
            "notification-url": "https://packagist.org/downloads/",
            "license": [
                "BSD-3-Clause"
            ],
            "authors": [
                {
                    "name": "Fabien Potencier",
                    "email": "fabien@symfony.com",
                    "homepage": "http://fabien.potencier.org",
                    "role": "Lead Developer"
                },
                {
                    "name": "Twig Team",
                    "role": "Contributors"
                },
                {
                    "name": "Armin Ronacher",
                    "email": "armin.ronacher@active-4.com",
                    "role": "Project Founder"
                }
            ],
            "description": "Twig, the flexible, fast, and secure template language for PHP",
            "homepage": "https://twig.symfony.com",
            "keywords": [
                "templating"
            ],
            "support": {
                "issues": "https://github.com/twigphp/Twig/issues",
                "source": "https://github.com/twigphp/Twig/tree/v3.27.1"
            },
            "funding": [
                {
                    "url": "https://github.com/fabpot",
                    "type": "github"
                },
                {
                    "url": "https://tidelift.com/funding/github/packagist/twig/twig",
                    "type": "tidelift"
                }
            ],
            "time": "2026-05-30T17:09:26+00:00"
        },
        {
            "name": "vincentlanglet/twig-cs-fixer",
            "version": "3.14.0",
            "source": {
                "type": "git",
                "url": "https://github.com/VincentLanglet/Twig-CS-Fixer.git",
                "reference": "599f110f192c31af5deb5736d6c1a970afdf51f3"
            },
            "dist": {
                "type": "zip",
                "url": "https://api.github.com/repos/VincentLanglet/Twig-CS-Fixer/zipball/599f110f192c31af5deb5736d6c1a970afdf51f3",
                "reference": "599f110f192c31af5deb5736d6c1a970afdf51f3",
                "shasum": ""
            },
            "require": {
                "composer-runtime-api": "^2.0.0",
                "ext-ctype": "*",
                "php": ">=8.1",
                "symfony/console": "^5.4.9 || ^6.4 || ^7.0 || ^8.0",
                "symfony/filesystem": "^5.4 || ^6.4 || ^7.0 || ^8.0",
                "symfony/finder": "^5.4 || ^6.4 || ^7.0 || ^8.0",
                "symfony/string": "^5.4.42 || ^6.4.10 || ~7.0.10 || ^7.1.3 || ^8.0",
                "twig/twig": "^3.4",
                "webmozart/assert": "^1.10 || ^2.0"
            },
            "require-dev": {
                "composer/semver": "^3.2.0",
                "dereuromark/composer-prefer-lowest": "^0.1.10",
                "ergebnis/composer-normalize": "^2.29",
                "friendsofphp/php-cs-fixer": "^3.13.0",
                "infection/infection": "^0.26.16 || ^0.32.0",
                "phpstan/phpstan": "^2.0",
                "phpstan/phpstan-deprecation-rules": "^2.0",
                "phpstan/phpstan-phpunit": "^2.0",
                "phpstan/phpstan-strict-rules": "^2.0",
                "phpstan/phpstan-symfony": "^2.0",
                "phpstan/phpstan-webmozart-assert": "^2.0",
                "phpunit/phpunit": "^9.5.26 || ^11.5.18 || ^12.1.3",
                "rector/rector": "^2.0.0",
                "shipmonk/composer-dependency-analyser": "^1.6",
                "symfony/process": "^5.4 || ^6.4 || ^7.0 || ^8.0",
                "symfony/twig-bridge": "^5.4 || ^6.4 || ^7.0 || ^8.0",
                "symfony/ux-twig-component": "^2.2.0",
                "twig/cache-extra": "^3.2"
            },
            "bin": [
                "bin/twig-cs-fixer"
            ],
            "type": "coding-standard",
            "autoload": {
                "psr-4": {
                    "TwigCsFixer\\": "src/"
                }
            },
            "notification-url": "https://packagist.org/downloads/",
            "license": [
                "MIT"
            ],
            "authors": [
                {
                    "name": "Vincent Langlet"
                }
            ],
            "description": "A tool to automatically fix Twig code style",
            "homepage": "https://github.com/VincentLanglet/Twig-CS-Fixer",
            "support": {
                "issues": "https://github.com/VincentLanglet/Twig-CS-Fixer/issues",
                "source": "https://github.com/VincentLanglet/Twig-CS-Fixer/tree/3.14.0"
            },
            "funding": [
                {
                    "url": "https://github.com/VincentLanglet",
                    "type": "github"
                }
            ],
            "time": "2026-02-23T13:21:35+00:00"
        },
        {
            "name": "webmozart/assert",
            "version": "2.4.1",
            "source": {
                "type": "git",
                "url": "https://github.com/webmozarts/assert.git",
                "reference": "2ccb7c2e821038c03a3e6e1700c570c158c55f70"
            },
            "dist": {
                "type": "zip",
                "url": "https://api.github.com/repos/webmozarts/assert/zipball/2ccb7c2e821038c03a3e6e1700c570c158c55f70",
                "reference": "2ccb7c2e821038c03a3e6e1700c570c158c55f70",
                "shasum": ""
            },
            "require": {
                "ext-ctype": "*",
                "ext-date": "*",
                "ext-filter": "*",
                "php": "^8.2"
            },
            "suggest": {
                "ext-intl": "",
                "ext-simplexml": "",
                "ext-spl": ""
            },
            "type": "library",
            "extra": {
                "psalm": {
                    "pluginClass": "Webmozart\\Assert\\PsalmPlugin"
                },
                "branch-alias": {
                    "dev-master": "2.0-dev",
                    "dev-feature/2-0": "2.0-dev"
                }
            },
            "autoload": {
                "psr-4": {
                    "Webmozart\\Assert\\": "src/"
                }
            },
            "notification-url": "https://packagist.org/downloads/",
            "license": [
                "MIT"
            ],
            "authors": [
                {
                    "name": "Bernhard Schussek",
                    "email": "bschussek@gmail.com"
                },
                {
                    "name": "Woody Gilk",
                    "email": "woody.gilk@gmail.com"
                }
            ],
            "description": "Assertions to validate method input/output with nice error messages.",
            "keywords": [
                "assert",
                "check",
                "validate"
            ],
            "support": {
                "issues": "https://github.com/webmozarts/assert/issues",
                "source": "https://github.com/webmozarts/assert/tree/2.4.1"
            },
            "time": "2026-06-15T15:31:57+00:00"
        }
    ],
    "packages-dev": [
        {
            "name": "symfony/translation-contracts",
            "version": "v3.7.1",
            "source": {
                "type": "git",
                "url": "https://github.com/symfony/translation-contracts.git",
                "reference": "ccb206b98faccc511ebae8e5fad50f2dc0b30621"
            },
            "dist": {
                "type": "zip",
                "url": "https://api.github.com/repos/symfony/translation-contracts/zipball/ccb206b98faccc511ebae8e5fad50f2dc0b30621",
                "reference": "ccb206b98faccc511ebae8e5fad50f2dc0b30621",
                "shasum": ""
            },
            "require": {
                "php": ">=8.1"
            },
            "type": "library",
            "extra": {
                "thanks": {
                    "url": "https://github.com/symfony/contracts",
                    "name": "symfony/contracts"
                },
                "branch-alias": {
                    "dev-main": "3.7-dev"
                }
            },
            "autoload": {
                "psr-4": {
                    "Symfony\\Contracts\\Translation\\": ""
                },
                "exclude-from-classmap": [
                    "/Test/"
                ]
            },
            "notification-url": "https://packagist.org/downloads/",
            "license": [
                "MIT"
            ],
            "authors": [
                {
                    "name": "Nicolas Grekas",
                    "email": "p@tchwork.com"
                },
                {
                    "name": "Symfony Community",
                    "homepage": "https://symfony.com/contributors"
                }
            ],
            "description": "Generic abstractions related to translation",
            "homepage": "https://symfony.com",
            "keywords": [
                "abstractions",
                "contracts",
                "decoupling",
                "interfaces",
                "interoperability",
                "standards"
            ],
            "support": {
                "source": "https://github.com/symfony/translation-contracts/tree/v3.7.1"
            },
            "funding": [
                {
                    "url": "https://symfony.com/sponsor",
                    "type": "custom"
                },
                {
                    "url": "https://github.com/fabpot",
                    "type": "github"
                },
                {
                    "url": "https://github.com/nicolas-grekas",
                    "type": "github"
                },
                {
                    "url": "https://tidelift.com/funding/github/packagist/symfony/symfony",
                    "type": "tidelift"
                }
            ],
            "time": "2026-06-05T06:23:12+00:00"
        },
        {
            "name": "symfony/twig-bridge",
            "version": "v7.4.14",
            "source": {
                "type": "git",
                "url": "https://github.com/symfony/twig-bridge.git",
                "reference": "e4574ab4d5411a7c495d4189b15a8ecfbc720332"
            },
            "dist": {
                "type": "zip",
                "url": "https://api.github.com/repos/symfony/twig-bridge/zipball/e4574ab4d5411a7c495d4189b15a8ecfbc720332",
                "reference": "e4574ab4d5411a7c495d4189b15a8ecfbc720332",
                "shasum": ""
            },
            "require": {
                "php": ">=8.2",
                "symfony/deprecation-contracts": "^2.5|^3",
                "symfony/translation-contracts": "^2.5|^3",
                "twig/twig": "^3.21"
            },
            "conflict": {
                "phpdocumentor/reflection-docblock": "<5.2|>=7",
                "phpdocumentor/type-resolver": "<1.5.1",
                "symfony/console": "<6.4",
                "symfony/form": "<6.4.32|>7,<7.3.10|>7.4,<7.4.4|>8.0,<8.0.4",
                "symfony/http-foundation": "<6.4",
                "symfony/http-kernel": "<6.4",
                "symfony/mime": "<6.4.37|>7,<7.4.9|>8.0,<8.0.9",
                "symfony/serializer": "<6.4",
                "symfony/translation": "<6.4",
                "symfony/workflow": "<6.4"
            },
            "require-dev": {
                "egulias/email-validator": "^2.1.10|^3|^4",
                "league/html-to-markdown": "^5.0",
                "phpdocumentor/reflection-docblock": "^5.2|^6.0",
                "symfony/asset": "^6.4|^7.0|^8.0",
                "symfony/asset-mapper": "^6.4|^7.0|^8.0",
                "symfony/console": "^6.4|^7.0|^8.0",
                "symfony/dependency-injection": "^6.4|^7.0|^8.0",
                "symfony/emoji": "^7.1|^8.0",
                "symfony/expression-language": "^6.4|^7.0|^8.0",
                "symfony/finder": "^6.4|^7.0|^8.0",
                "symfony/form": "^6.4.32|~7.3.10|^7.4.4|^8.0.4",
                "symfony/html-sanitizer": "^6.4|^7.0|^8.0",
                "symfony/http-foundation": "^7.3|^8.0",
                "symfony/http-kernel": "^6.4|^7.0|^8.0",
                "symfony/intl": "^6.4|^7.0|^8.0",
                "symfony/mime": "^6.4.37|^7.4.9|^8.0.9",
                "symfony/polyfill-intl-icu": "~1.0",
                "symfony/property-info": "^6.4|^7.0|^8.0",
                "symfony/routing": "^6.4|^7.0|^8.0",
                "symfony/security-acl": "^2.8|^3.0",
                "symfony/security-core": "^6.4|^7.0|^8.0",
                "symfony/security-csrf": "^6.4|^7.0|^8.0",
                "symfony/security-http": "^6.4|^7.0|^8.0",
                "symfony/serializer": "^6.4.3|^7.0.3|^8.0",
                "symfony/stopwatch": "^6.4|^7.0|^8.0",
                "symfony/translation": "^6.4|^7.0|^8.0",
                "symfony/validator": "^6.4|^7.0|^8.0",
                "symfony/web-link": "^6.4|^7.0|^8.0",
                "symfony/workflow": "^6.4|^7.0|^8.0",
                "symfony/yaml": "^6.4|^7.0|^8.0",
                "twig/cssinliner-extra": "^3",
                "twig/inky-extra": "^3",
                "twig/markdown-extra": "^3"
            },
            "type": "symfony-bridge",
            "autoload": {
                "psr-4": {
                    "Symfony\\Bridge\\Twig\\": ""
                },
                "exclude-from-classmap": [
                    "/Tests/"
                ]
            },
            "notification-url": "https://packagist.org/downloads/",
            "license": [
                "MIT"
            ],
            "authors": [
                {
                    "name": "Fabien Potencier",
                    "email": "fabien@symfony.com"
                },
                {
                    "name": "Symfony Community",
                    "homepage": "https://symfony.com/contributors"
                }
            ],
            "description": "Provides integration for Twig with various Symfony components",
            "homepage": "https://symfony.com",
            "support": {
                "source": "https://github.com/symfony/twig-bridge/tree/v7.4.14"
            },
            "funding": [
                {
                    "url": "https://symfony.com/sponsor",
                    "type": "custom"
                },
                {
                    "url": "https://github.com/fabpot",
                    "type": "github"
                },
                {
                    "url": "https://github.com/nicolas-grekas",
                    "type": "github"
                },
                {
                    "url": "https://tidelift.com/funding/github/packagist/symfony/symfony",
                    "type": "tidelift"
                }
            ],
            "time": "2026-06-17T13:16:29+00:00"
        }
    ],
    "aliases": [],
    "minimum-stability": "stable",
    "stability-flags": {},
    "prefer-stable": false,
    "prefer-lowest": false,
    "platform": {},
    "platform-dev": {},
    "platform-overrides": {
        "php": "8.3"
    },
    "plugin-api-version": "2.9.0"
}
