{
    "_readme": [
        "This file locks the dependencies of your project to a known state",
        "Read more about it at https://getcomposer.org/doc/01-basic-usage.md#installing-dependencies",
        "This file is @generated automatically"
    ],
    "content-hash": "1c42bdc5f1e9e0fddf55e2e67a242c8b",
    "packages": [
        {
            "name": "contao/rector",
            "version": "1.3.0",
            "source": {
                "type": "git",
                "url": "https://github.com/contao/rector.git",
                "reference": "292fa6c233420272794635133ae79b817dd341c1"
            },
            "dist": {
                "type": "zip",
                "url": "https://api.github.com/repos/contao/rector/zipball/292fa6c233420272794635133ae79b817dd341c1",
                "reference": "292fa6c233420272794635133ae79b817dd341c1",
                "shasum": ""
            },
            "require": {
                "php": "^8.1",
                "rector/rector": "^2.0"
            },
            "require-dev": {
                "contao/easy-coding-standard": "^6.12"
            },
            "type": "library",
            "autoload": {
                "psr-4": {
                    "Contao\\Rector\\": "src/"
                }
            },
            "notification-url": "https://packagist.org/downloads/",
            "license": [
                "LGPL-3.0-or-later"
            ],
            "authors": [
                {
                    "name": "Leo Feyer",
                    "homepage": "https://github.com/leofeyer"
                }
            ],
            "description": "Rector configurations for Contao",
            "support": {
                "issues": "https://github.com/contao/rector/issues",
                "source": "https://github.com/contao/rector/tree/1.3.0"
            },
            "funding": [
                {
                    "url": "https://to.contao.org/donate",
                    "type": "custom"
                }
            ],
            "time": "2025-06-03T05:43:29+00:00"
        },
        {
            "name": "phpstan/phpstan",
            "version": "2.1.22",
            "source": {
                "type": "git",
                "url": "https://github.com/phpstan/phpstan.git",
                "reference": "41600c8379eb5aee63e9413fe9e97273e25d57e4"
            },
            "dist": {
                "type": "zip",
                "url": "https://api.github.com/repos/phpstan/phpstan/zipball/41600c8379eb5aee63e9413fe9e97273e25d57e4",
                "reference": "41600c8379eb5aee63e9413fe9e97273e25d57e4",
                "shasum": ""
            },
            "require": {
                "php": "^7.4|^8.0"
            },
            "conflict": {
                "phpstan/phpstan-shim": "*"
            },
            "bin": [
                "phpstan",
                "phpstan.phar"
            ],
            "type": "library",
            "autoload": {
                "files": [
                    "bootstrap.php"
                ]
            },
            "notification-url": "https://packagist.org/downloads/",
            "license": [
                "MIT"
            ],
            "description": "PHPStan - PHP Static Analysis Tool",
            "keywords": [
                "dev",
                "static analysis"
            ],
            "support": {
                "docs": "https://phpstan.org/user-guide/getting-started",
                "forum": "https://github.com/phpstan/phpstan/discussions",
                "issues": "https://github.com/phpstan/phpstan/issues",
                "security": "https://github.com/phpstan/phpstan/security/policy",
                "source": "https://github.com/phpstan/phpstan-src"
            },
            "funding": [
                {
                    "url": "https://github.com/ondrejmirtes",
                    "type": "github"
                },
                {
                    "url": "https://github.com/phpstan",
                    "type": "github"
                }
            ],
            "time": "2025-08-04T19:17:37+00:00"
        },
        {
            "name": "rector/rector",
            "version": "2.1.6",
            "source": {
                "type": "git",
                "url": "https://github.com/rectorphp/rector.git",
                "reference": "729aabc0ec66e700ef164e26454a1357f222a2f3"
            },
            "dist": {
                "type": "zip",
                "url": "https://api.github.com/repos/rectorphp/rector/zipball/729aabc0ec66e700ef164e26454a1357f222a2f3",
                "reference": "729aabc0ec66e700ef164e26454a1357f222a2f3",
                "shasum": ""
            },
            "require": {
                "php": "^7.4|^8.0",
                "phpstan/phpstan": "^2.1.18"
            },
            "conflict": {
                "rector/rector-doctrine": "*",
                "rector/rector-downgrade-php": "*",
                "rector/rector-phpunit": "*",
                "rector/rector-symfony": "*"
            },
            "suggest": {
                "ext-dom": "To manipulate phpunit.xml via the custom-rule command"
            },
            "bin": [
                "bin/rector"
            ],
            "type": "library",
            "autoload": {
                "files": [
                    "bootstrap.php"
                ]
            },
            "notification-url": "https://packagist.org/downloads/",
            "license": [
                "MIT"
            ],
            "description": "Instant Upgrade and Automated Refactoring of any PHP code",
            "homepage": "https://getrector.com/",
            "keywords": [
                "automation",
                "dev",
                "migration",
                "refactoring"
            ],
            "support": {
                "issues": "https://github.com/rectorphp/rector/issues",
                "source": "https://github.com/rectorphp/rector/tree/2.1.6"
            },
            "funding": [
                {
                    "url": "https://github.com/tomasvotruba",
                    "type": "github"
                }
            ],
            "time": "2025-09-05T15:43:08+00:00"
        }
    ],
    "packages-dev": [],
    "aliases": [],
    "minimum-stability": "stable",
    "stability-flags": {},
    "prefer-stable": false,
    "prefer-lowest": false,
    "platform": {},
    "platform-dev": {},
    "platform-overrides": {
        "php": "8.3"
    },
    "plugin-api-version": "2.6.0"
}
