name: Lock

on:
    workflow_dispatch: ~
    schedule:
        - cron: 0 0 * * *

permissions:
    issues: write
    pull-requests: write

concurrency:
    group: lock

jobs:
    lock:
        name: Lock
        runs-on: ubuntu-latest
        steps:
            - name: Lock
              uses: dessant/lock-threads@v5
              with:
                  process-only: issues
                  issue-inactive-days: 30
                  log-output: true
                  github-token: ${{ github.token }}
